
Microsoft Visual Studio Solution File, Format Version 12.00
# Visual Studio 15
VisualStudioVersion = 15.0.27428.2037
MinimumVisualStudioVersion = 10.0.40219.1
Project("{FAE04EC0-301F-11D3-BF4B-00C04F79EFBC}") = "Bootstrap", "Bootstrap\Bootstrap.csproj", "{8664A109-5020-43B8-9676-50C9DCC6F38A}"
EndProject
Project("{FAE04EC0-301F-11D3-BF4B-00C04F79EFBC}") = "UI", "UI\UI.csproj", "{3E15EDFC-045C-4B83-B6FA-7F5DF73A98F9}"
EndProject
Project("{FAE04EC0-301F-11D3-BF4B-00C04F79EFBC}") = "RestClient", "RestClient\RestClient.csproj", "{38E0AEF9-5F6A-4F80-BA2A-CB8206B88E36}"
EndProject
Project("{FAE04EC0-301F-11D3-BF4B-00C04F79EFBC}") = "ResourcesLibrary", "ResourcesLibrary\ResourcesLibrary.csproj", "{B343CD17-A064-42C4-B511-76C594F7C50B}"
EndProject
Project("{FAE04EC0-301F-11D3-BF4B-00C04F79EFBC}") = "EventBroker", "EventBroker\EventBroker.csproj", "{09F02F28-3FF8-4A3E-9C8B-80F849C2CF11}"
EndProject
Project("{FAE04EC0-301F-11D3-BF4B-00C04F79EFBC}") = "UI.Interface", "UI.Interface\UI.Interface.csproj", "{BF3C44AD-D6E2-4370-BFD9-46EB77CE7A66}"
EndProject
Project("{FAE04EC0-301F-11D3-BF4B-00C04F79EFBC}") = "Scrapper", "Scrapper\Scrapper.csproj", "{CDD8E3C4-4DD0-4425-AD5D-7EB184907A4E}"
EndProject
Global
	GlobalSection(SolutionConfigurationPlatforms) = preSolution
		Debug|Any CPU = Debug|Any CPU
		Release|Any CPU = Release|Any CPU
	EndGlobalSection
	GlobalSection(ProjectConfigurationPlatforms) = postSolution
		{8664A109-5020-43B8-9676-50C9DCC6F38A}.Debug|Any CPU.ActiveCfg = Debug|Any CPU
		{8664A109-5020-43B8-9676-50C9DCC6F38A}.Debug|Any CPU.Build.0 = Debug|Any CPU
		{8664A109-5020-43B8-9676-50C9DCC6F38A}.Release|Any CPU.ActiveCfg = Release|Any CPU
		{8664A109-5020-43B8-9676-50C9DCC6F38A}.Release|Any CPU.Build.0 = Release|Any CPU
		{3E15EDFC-045C-4B83-B6FA-7F5DF73A98F9}.Debug|Any CPU.ActiveCfg = Debug|Any CPU
		{3E15EDFC-045C-4B83-B6FA-7F5DF73A98F9}.Debug|Any CPU.Build.0 = Debug|Any CPU
		{3E15EDFC-045C-4B83-B6FA-7F5DF73A98F9}.Release|Any CPU.ActiveCfg = Release|Any CPU
		{3E15EDFC-045C-4B83-B6FA-7F5DF73A98F9}.Release|Any CPU.Build.0 = Release|Any CPU
		{38E0AEF9-5F6A-4F80-BA2A-CB8206B88E36}.Debug|Any CPU.ActiveCfg = Debug|Any CPU
		{38E0AEF9-5F6A-4F80-BA2A-CB8206B88E36}.Debug|Any CPU.Build.0 = Debug|Any CPU
		{38E0AEF9-5F6A-4F80-BA2A-CB8206B88E36}.Release|Any CPU.ActiveCfg = Release|Any CPU
		{38E0AEF9-5F6A-4F80-BA2A-CB8206B88E36}.Release|Any CPU.Build.0 = Release|Any CPU
		{B343CD17-A064-42C4-B511-76C594F7C50B}.Debug|Any CPU.ActiveCfg = Debug|Any CPU
		{B343CD17-A064-42C4-B511-76C594F7C50B}.Debug|Any CPU.Build.0 = Debug|Any CPU
		{B343CD17-A064-42C4-B511-76C594F7C50B}.Release|Any CPU.ActiveCfg = Release|Any CPU
		{B343CD17-A064-42C4-B511-76C594F7C50B}.Release|Any CPU.Build.0 = Release|Any CPU
		{09F02F28-3FF8-4A3E-9C8B-80F849C2CF11}.Debug|Any CPU.ActiveCfg = Debug|Any CPU
		{09F02F28-3FF8-4A3E-9C8B-80F849C2CF11}.Debug|Any CPU.Build.0 = Debug|Any CPU
		{09F02F28-3FF8-4A3E-9C8B-80F849C2CF11}.Release|Any CPU.ActiveCfg = Release|Any CPU
		{09F02F28-3FF8-4A3E-9C8B-80F849C2CF11}.Release|Any CPU.Build.0 = Release|Any CPU
		{BF3C44AD-D6E2-4370-BFD9-46EB77CE7A66}.Debug|Any CPU.ActiveCfg = Debug|Any CPU
		{BF3C44AD-D6E2-4370-BFD9-46EB77CE7A66}.Debug|Any CPU.Build.0 = Debug|Any CPU
		{BF3C44AD-D6E2-4370-BFD9-46EB77CE7A66}.Release|Any CPU.ActiveCfg = Release|Any CPU
		{BF3C44AD-D6E2-4370-BFD9-46EB77CE7A66}.Release|Any CPU.Build.0 = Release|Any CPU
		{CDD8E3C4-4DD0-4425-AD5D-7EB184907A4E}.Debug|Any CPU.ActiveCfg = Debug|Any CPU
		{CDD8E3C4-4DD0-4425-AD5D-7EB184907A4E}.Debug|Any CPU.Build.0 = Debug|Any CPU
		{CDD8E3C4-4DD0-4425-AD5D-7EB184907A4E}.Release|Any CPU.ActiveCfg = Release|Any CPU
		{CDD8E3C4-4DD0-4425-AD5D-7EB184907A4E}.Release|Any CPU.Build.0 = Release|Any CPU
	EndGlobalSection
	GlobalSection(SolutionProperties) = preSolution
		HideSolutionNode = FALSE
	EndGlobalSection
	GlobalSection(ExtensibilityGlobals) = postSolution
		SolutionGuid = {2027B0EB-8431-4B68-B299-8BBD42574A32}
	EndGlobalSection
EndGlobal
